<?xml version="1.0" encoding="UTF-8"?>
<Scheme
   LastUpgradeVersion = "0800"
   version = "1.3">
   <BuildAction
      parallelizeBuildables = "YES"
      buildImplicitDependencies = "YES">
      <BuildActionEntries>
         <BuildActionEntry
            buildForTesting = "YES"
            buildForRunning = "YES"
            buildForProfiling = "YES"
            buildForArchiving = "YES"
            buildForAnalyzing = "YES">
            <BuildableReference
               BuildableIdentifier = "primary"
               BlueprintIdentifier = "CE8795EA1E712B7200505ABB"
               BuildableName = "UICollectionView&#x8f6e;&#x64ad;&#x56fe;.app"
               BlueprintName = "UICollectionView&#x8f6e;&#x64ad;&#x56fe;"
               ReferencedContainer = "container:UICollectionView&#x8f6e;&#x64ad;&#x56fe;.xcodeproj">
            </BuildableReference>
         </BuildActionEntry>
      </BuildActionEntries>
   </BuildAction>
   <TestAction
      buildConfiguration = "Debug"
      selectedDebuggerIdentifier = "Xcode.DebuggerFoundation.Debugger.LLDB"
      selectedLauncherIdentifier = "Xcode.DebuggerFoundation.Launcher.LLDB"
      shouldUseLaunchSchemeArgsEnv = "YES">
      <Testables>
         <TestableReference
            skipped = "NO">
            <BuildableReference
               BuildableIdentifier = "primary"
               BlueprintIdentifier = "CE8796031E712B7300505ABB"
               BuildableName = "UICollectionView&#x8f6e;&#x64ad;&#x56fe;Tests.xctest"
               BlueprintName = "UICollectionView&#x8f6e;&#x64ad;&#x56fe;Tests"
               ReferencedContainer = "container:UICollectionView&#x8f6e;&#x64ad;&#x56fe;.xcodeproj">
            </BuildableReference>
         </TestableReference>
         <TestableReference
            skipped = "NO">
            <BuildableReference
               BuildableIdentifier = "primary"
               BlueprintIdentifier = "CE87960E1E712B7300505ABB"
               BuildableName = "UICollectionView&#x8f6e;&#x64ad;&#x56fe;UITests.xctest"
               BlueprintName = "UICollectionView&#x8f6e;&#x64ad;&#x56fe;UITests"
               ReferencedContainer = "container:UICollectionView&#x8f6e;&#x64ad;&#x56fe;.xcodeproj">
            </BuildableReference>
         </TestableReference>
      </Testables>
      <MacroExpansion>
         <BuildableReference
            BuildableIdentifier = "primary"
            BlueprintIdentifier = "CE8795EA1E712B7200505ABB"
            BuildableName = "UICollectionView&#x8f6e;&#x64ad;&#x56fe;.app"
            BlueprintName = "UICollectionView&#x8f6e;&#x64ad;&#x56fe;"
            ReferencedContainer = "container:UICollectionView&#x8f6e;&#x64ad;&#x56fe;.xcodeproj">
         </BuildableReference>
      </MacroExpansion>
      <AdditionalOptions>
      </AdditionalOptions>
   </TestAction>
   <LaunchAction
      buildConfiguration = "Debug"
      selectedDebuggerIdentifier = "Xcode.DebuggerFoundation.Debugger.LLDB"
      selectedLauncherIdentifier = "Xcode.DebuggerFoundation.Launcher.LLDB"
      launchStyle = "0"
      useCustomWorkingDirectory = "NO"
      ignoresPersistentStateOnLaunch = "NO"
      debugDocumentVersioning = "YES"
      debugServiceExtension = "internal"
      allowLocationSimulation = "YES">
      <BuildableProductRunnable
         runnableDebuggingMode = "0">
         <BuildableReference
            BuildableIdentifier = "primary"
            BlueprintIdentifier = "CE8795EA1E712B7200505ABB"
            BuildableName = "UICollectionView&#x8f6e;&#x64ad;&#x56fe;.app"
            BlueprintName = "UICollectionView&#x8f6e;&#x64ad;&#x56fe;"
            ReferencedContainer = "container:UICollectionView&#x8f6e;&#x64ad;&#x56fe;.xcodeproj">
         </BuildableReference>
      </BuildableProductRunnable>
      <AdditionalOptions>
      </AdditionalOptions>
   </LaunchAction>
   <ProfileAction
      buildConfiguration = "Release"
      shouldUseLaunchSchemeArgsEnv = "YES"
      savedToolIdentifier = ""
      useCustomWorkingDirectory = "NO"
      debugDocumentVersioning = "YES">
      <BuildableProductRunnable
         runnableDebuggingMode = "0">
         <BuildableReference
            BuildableIdentifier = "primary"
            BlueprintIdentifier = "CE8795EA1E712B7200505ABB"
            BuildableName = "UICollectionView&#x8f6e;&#x64ad;&#x56fe;.app"
            BlueprintName = "UICollectionView&#x8f6e;&#x64ad;&#x56fe;"
            ReferencedContainer = "container:UICollectionView&#x8f6e;&#x64ad;&#x56fe;.xcodeproj">
         </BuildableReference>
      </BuildableProductRunnable>
   </ProfileAction>
   <AnalyzeAction
      buildConfiguration = "Debug">
   </AnalyzeAction>
   <ArchiveAction
      buildConfiguration = "Release"
      revealArchiveInOrganizer = "YES">
   </ArchiveAction>
</Scheme>
